
Microsoft Visual Studio Solution File, Format Version 12.00
# Visual Studio 14
VisualStudioVersion = 14.0.23107.0
MinimumVisualStudioVersion = 10.0.40219.1
Project("{FAE04EC0-301F-11D3-BF4B-00C04F79EFBC}") = "GetSpeedChart", "GetSpeedChart\GetSpeedChart.csproj", "{F11CCC78-DF1D-4B1A-980C-2B37774FF0AB}"
EndProject
Global
	GlobalSection(SolutionConfigurationPlatforms) = preSolution
		Debug|Any CPU = Debug|Any CPU
		Release|Any CPU = Release|Any CPU
	EndGlobalSection
	GlobalSection(ProjectConfigurationPlatforms) = postSolution
		{F11CCC78-DF1D-4B1A-980C-2B37774FF0AB}.Debug|Any CPU.ActiveCfg = Debug|Any CPU
		{F11CCC78-DF1D-4B1A-980C-2B37774FF0AB}.Debug|Any CPU.Build.0 = Debug|Any CPU
		{F11CCC78-DF1D-4B1A-980C-2B37774FF0AB}.Release|Any CPU.ActiveCfg = Release|Any CPU
		{F11CCC78-DF1D-4B1A-980C-2B37774FF0AB}.Release|Any CPU.Build.0 = Release|Any CPU
	EndGlobalSection
	GlobalSection(SolutionProperties) = preSolution
		HideSolutionNode = FALSE
	EndGlobalSection
EndGlobal
